PODS:
  - Alamofire (5.6.2)
  - ConnectSDK/Core (1.6.0):
    - ConnectSDK/no-arc
  - ConnectSDK/no-arc (1.6.0)
  - IJKMediaFramework (0.1.3)
  - Kingfisher (5.13.4):
    - Kingfisher/Core (= 5.13.4)
  - Kingfisher/Core (5.13.4)
  - KingfisherWebP (1.1.0):
    - Kingfisher (~> 5.8)
    - libwebp (>= 0.5.0)
  - libwebp (1.2.3):
    - libwebp/demux (= 1.2.3)
    - libwebp/mux (= 1.2.3)
    - libwebp/webp (= 1.2.3)
  - libwebp/demux (1.2.3):
    - libwebp/webp
  - libwebp/mux (1.2.3):
    - libwebp/demux
  - libwebp/webp (1.2.3)
  - lottie-ios (3.2.2)
  - Moya/Core (14.0.0):
    - Alamofire (~> 5.0)
  - Moya/RxSwift (14.0.0):
    - Moya/Core
    - RxSwift (~> 5.0)
  - RxCocoa (5.1.1):
    - RxRelay (~> 5)
    - RxSwift (~> 5)
  - RxRelay (5.1.3):
    - RxSwift (~> 5)
  - RxSwift (5.1.3)
  - ZFPlayer/Core (3.3.1)
  - ZFPlayer/ijkplayer (3.3.1):
    - IJKMediaFramework
    - ZFPlayer/Core

DEPENDENCIES:
  - ConnectSDK/Core
  - IJKMediaFramework (= 0.1.3)
  - Kingfisher (= 5.13.4)
  - KingfisherWebP (= 1.1.0)
  - lottie-ios (= 3.2.2)
  - Moya/RxSwift (= 14.0.0)
  - RxCocoa (= 5.1.1)
  - ZFPlayer/ijkplayer (= 3.3.1)

SPEC REPOS:
  trunk:
    - Alamofire
    - ConnectSDK
    - IJKMediaFramework
    - Kingfisher
    - KingfisherWebP
    - libwebp
    - lottie-ios
    - Moya
    - RxCocoa
    - RxRelay
    - RxSwift
    - ZFPlayer

SPEC CHECKSUMS:
  Alamofire: d368e1ff8a298e6dde360e35a3e68e6c610e7204
  ConnectSDK: f6159b056ec53943df82c4d541a9bfae21592be4
  IJKMediaFramework: d1c0b5b37a449c6c15af19ca7607c54640ef15a6
  Kingfisher: d2279a7abece3c7f25a80cd2b7f363ca5cf3f44c
  KingfisherWebP: 0768e0c00bf9746de9ee5b22a795e9504345f258
  libwebp: 60305b2e989864154bd9be3d772730f08fc6a59c
  lottie-ios: a033bb989eea77d9f99cc4e2bbdd3788229761ad
  Moya: 5b45dacb75adb009f97fde91c204c1e565d31916
  RxCocoa: 32065309a38d29b5b0db858819b5bf9ef038b601
  RxRelay: 5a18c2eb2d68326ebaf0112f80d837ae41b92b97
  RxSwift: 915abbdfb62214aa89ccd0b194d44fb478019b27
  ZFPlayer: 8a6021a3c45e281f2abd24dca5c88915af770a7e

PODFILE CHECKSUM: b42f336d50dd94de020dc78b711707f5b62ca5bf

COCOAPODS: 1.11.2
